// !$*UTF8*$!
{
	archiveVersion = 1;
	classes = {
	};
	objectVersion = 51;
	objects = {

/* Begin PBXBuildFile section */
		09F0BB6F3D7D92CED9F88A30 /* Pods_Budejie.framework in Frameworks */ = {isa = PBXBuildFile; fileRef = 6ACDC61ACDB1FC68B16562A5 /* Pods_Budejie.framework */; };
		F0162FA6261F3676000BC29D /* Main.storyboard in Resources */ = {isa = PBXBuildFile; fileRef = F0162FA4261F3676000BC29D /* Main.storyboard */; };
		F0162FA8261F3677000BC29D /* Assets.xcassets in Resources */ = {isa = PBXBuildFile; fileRef = F0162FA7261F3677000BC29D /* Assets.xcassets */; };
		F0162FAB261F3677000BC29D /* LaunchScreen.storyboard in Resources */ = {isa = PBXBuildFile; fileRef = F0162FA9261F3677000BC29D /* LaunchScreen.storyboard */; };
		F0162FD2261F40F6000BC29D /* main.m in Sources */ = {isa = PBXBuildFile; fileRef = F0162FC4261F40F6000BC29D /* main.m */; };
		F0162FD3261F40F6000BC29D /* AppDelegate.m in Sources */ = {isa = PBXBuildFile; fileRef = F0162FC5261F40F6000BC29D /* AppDelegate.m */; };
		F0162FD7261F438C000BC29D /* DSYEssenceViewController.m in Sources */ = {isa = PBXBuildFile; fileRef = F0162FD6261F438C000BC29D /* DSYEssenceViewController.m */; };
		F0162FE0261F43A2000BC29D /* DSYPublishViewController.m in Sources */ = {isa = PBXBuildFile; fileRef = F0162FDF261F43A2000BC29D /* DSYPublishViewController.m */; };
		F0162FE4261F43B0000BC29D /* DSYFriendShipViewController.m in Sources */ = {isa = PBXBuildFile; fileRef = F0162FE3261F43B0000BC29D /* DSYFriendShipViewController.m */; };
		F0162FE8261F43C2000BC29D /* DSYMeViewController.m in Sources */ = {isa = PBXBuildFile; fileRef = F0162FE7261F43C2000BC29D /* DSYMeViewController.m */; };
		F0163008261F4F53000BC29D /* DSYTabBarController.m in Sources */ = {isa = PBXBuildFile; fileRef = F0163007261F4F53000BC29D /* DSYTabBarController.m */; };
		F016300E261F547A000BC29D /* UIImage+image.m in Sources */ = {isa = PBXBuildFile; fileRef = F016300D261F547A000BC29D /* UIImage+image.m */; };
		F030BC2A2628D61C00253E07 /* DSYFastLoginView.m in Sources */ = {isa = PBXBuildFile; fileRef = F030BC292628D61C00253E07 /* DSYFastLoginView.m */; };
		F030BC2D2628D62E00253E07 /* DSYFastLoginView.xib in Resources */ = {isa = PBXBuildFile; fileRef = F030BC2C2628D62E00253E07 /* DSYFastLoginView.xib */; };
		F030BC312628E28300253E07 /* DSYFastButton.m in Sources */ = {isa = PBXBuildFile; fileRef = F030BC302628E28300253E07 /* DSYFastButton.m */; };
		F030BC3526295F6000253E07 /* DSYLoginField.m in Sources */ = {isa = PBXBuildFile; fileRef = F030BC3426295F6000253E07 /* DSYLoginField.m */; };
		F030BC3F262A036700253E07 /* UITextField+Placeholder.m in Sources */ = {isa = PBXBuildFile; fileRef = F030BC3E262A036700253E07 /* UITextField+Placeholder.m */; };
		F030BC42262A0EE400253E07 /* DSYMeViewController.storyboard in Resources */ = {isa = PBXBuildFile; fileRef = F030BC41262A0EE400253E07 /* DSYMeViewController.storyboard */; };
		F06C2EA226257525003F79E9 /* UIView+Frame.m in Sources */ = {isa = PBXBuildFile; fileRef = F06C2EA126257525003F79E9 /* UIView+Frame.m */; };
		F06C2EAE26258465003F79E9 /* DSYNewViewController.m in Sources */ = {isa = PBXBuildFile; fileRef = F06C2EAD26258465003F79E9 /* DSYNewViewController.m */; };
		F06C2EB226258EFA003F79E9 /* UIBarButtonItem+item.m in Sources */ = {isa = PBXBuildFile; fileRef = F06C2EB126258EFA003F79E9 /* UIBarButtonItem+item.m */; };
		F06C2EB62625B7D0003F79E9 /* DSYNavigationViewController.m in Sources */ = {isa = PBXBuildFile; fileRef = F06C2EB52625B7D0003F79E9 /* DSYNavigationViewController.m */; };
		F06C2EC32625C4F8003F79E9 /* DSYSettingViewController.m in Sources */ = {isa = PBXBuildFile; fileRef = F06C2EC22625C4F8003F79E9 /* DSYSettingViewController.m */; };
		F06C2ECD26260281003F79E9 /* DSYAdViewController.m in Sources */ = {isa = PBXBuildFile; fileRef = F06C2ECC26260281003F79E9 /* DSYAdViewController.m */; };
		F06C2ED126260877003F79E9 /* DSYAdViewController.xib in Resources */ = {isa = PBXBuildFile; fileRef = F06C2ED026260877003F79E9 /* DSYAdViewController.xib */; };
		F06C2EDC26260DC9003F79E9 /* LaunchImage@2x.png in Resources */ = {isa = PBXBuildFile; fileRef = F06C2ED526260DC9003F79E9 /* LaunchImage@2x.png */; };
		F06C2EDD26260DC9003F79E9 /* LaunchImage-568h@2x.png in Resources */ = {isa = PBXBuildFile; fileRef = F06C2ED626260DC9003F79E9 /* LaunchImage-568h@2x.png */; };
		F06C2EDE26260DC9003F79E9 /* LaunchImage-800-667h@2x.png in Resources */ = {isa = PBXBuildFile; fileRef = F06C2ED726260DC9003F79E9 /* LaunchImage-800-667h@2x.png */; };
		F06C2EDF26260DC9003F79E9 /* LaunchImage-800-Portrait-736h@3x.png in Resources */ = {isa = PBXBuildFile; fileRef = F06C2ED826260DC9003F79E9 /* LaunchImage-800-Portrait-736h@3x.png */; };
		F06C2EE026260DC9003F79E9 /* LaunchImage-700@2x.png in Resources */ = {isa = PBXBuildFile; fileRef = F06C2ED926260DC9003F79E9 /* LaunchImage-700@2x.png */; };
		F06C2EE126260DC9003F79E9 /* LaunchImage-700-568h@2x.png in Resources */ = {isa = PBXBuildFile; fileRef = F06C2EDA26260DC9003F79E9 /* LaunchImage-700-568h@2x.png */; };
		F06C2EE226260DC9003F79E9 /* LaunchImage.png in Resources */ = {isa = PBXBuildFile; fileRef = F06C2EDB26260DC9003F79E9 /* LaunchImage.png */; };
		F06C2EF92626BAFD003F79E9 /* AppDelegate+RootWindow.m in Sources */ = {isa = PBXBuildFile; fileRef = F06C2EF82626BAFD003F79E9 /* AppDelegate+RootWindow.m */; };
		F06C2EFD2626BB20003F79E9 /* AppDelegate+SDK.m in Sources */ = {isa = PBXBuildFile; fileRef = F06C2EFC2626BB20003F79E9 /* AppDelegate+SDK.m */; };
		F06C2F012626D030003F79E9 /* DSYAdItem.m in Sources */ = {isa = PBXBuildFile; fileRef = F06C2F002626D030003F79E9 /* DSYAdItem.m */; };
		F06C2F052626E2E6003F79E9 /* DSYSubTagViewController.m in Sources */ = {isa = PBXBuildFile; fileRef = F06C2F042626E2E6003F79E9 /* DSYSubTagViewController.m */; };
		F06C2F092626E9C4003F79E9 /* DSYSubTagItem.m in Sources */ = {isa = PBXBuildFile; fileRef = F06C2F082626E9C4003F79E9 /* DSYSubTagItem.m */; };
		F06C2F0E26282BEC003F79E9 /* DSYSubTagCell.m in Sources */ = {isa = PBXBuildFile; fileRef = F06C2F0C26282BEC003F79E9 /* DSYSubTagCell.m */; };
		F06C2F0F26282BEC003F79E9 /* DSYSubTagCell.xib in Resources */ = {isa = PBXBuildFile; fileRef = F06C2F0D26282BEC003F79E9 /* DSYSubTagCell.xib */; };
		F06C2F14262854CF003F79E9 /* UIImage+CircleImage.m in Sources */ = {isa = PBXBuildFile; fileRef = F06C2F13262854CF003F79E9 /* UIImage+CircleImage.m */; };
		F06C2F1E262882B8003F79E9 /* DSYFriendShipViewController.xib in Resources */ = {isa = PBXBuildFile; fileRef = F06C2F1D262882B8003F79E9 /* DSYFriendShipViewController.xib */; };
		F06C2F28262888BE003F79E9 /* DSYLoginRegisterViewController.m in Sources */ = {isa = PBXBuildFile; fileRef = F06C2F26262888BE003F79E9 /* DSYLoginRegisterViewController.m */; };
		F06C2F29262888BE003F79E9 /* DSYLoginRegisterViewController.xib in Resources */ = {isa = PBXBuildFile; fileRef = F06C2F27262888BE003F79E9 /* DSYLoginRegisterViewController.xib */; };
		F06C2F2D26289C37003F79E9 /* DSYLoginRegisterView.m in Sources */ = {isa = PBXBuildFile; fileRef = F06C2F2C26289C37003F79E9 /* DSYLoginRegisterView.m */; };
		F06C2F3026289C42003F79E9 /* DSYLoginRegisterView.xib in Resources */ = {isa = PBXBuildFile; fileRef = F06C2F2F26289C42003F79E9 /* DSYLoginRegisterView.xib */; };
		F06CB727262215CB00749A13 /* DSYTabBar.m in Sources */ = {isa = PBXBuildFile; fileRef = F06CB726262215CB00749A13 /* DSYTabBar.m */; };
/* End PBXBuildFile section */

/* Begin PBXFileReference section */
		1ED7FF59B4F075A289E66B1F /* Pods-Budejie.release.xcconfig */ = {isa = PBXFileReference; includeInIndex = 1; lastKnownFileType = text.xcconfig; name = "Pods-Budejie.release.xcconfig"; path = "Target Support Files/Pods-Budejie/Pods-Budejie.release.xcconfig"; sourceTree = "<group>"; };
		6ACDC61ACDB1FC68B16562A5 /* Pods_Budejie.framework */ = {isa = PBXFileReference; explicitFileType = wrapper.framework; includeInIndex = 0; path = Pods_Budejie.framework; sourceTree = BUILT_PRODUCTS_DIR; };
		F0162F98261F3676000BC29D /* Budejie.app */ = {isa = PBXFileReference; explicitFileType = wrapper.application; includeInIndex = 0; path = Budejie.app; sourceTree = BUILT_PRODUCTS_DIR; };
		F0162FA5261F3676000BC29D /* Base */ = {isa = PBXFileReference; lastKnownFileType = file.storyboard; name = Base; path = Base.lproj/Main.storyboard; sourceTree = "<group>"; };
		F0162FA7261F3677000BC29D /* Assets.xcassets */ = {isa = PBXFileReference; lastKnownFileType = folder.assetcatalog; path = Assets.xcassets; sourceTree = "<group>"; };
		F0162FAA261F3677000BC29D /* Base */ = {isa = PBXFileReference; lastKnownFileType = file.storyboard; name = Base; path = Base.lproj/LaunchScreen.storyboard; sourceTree = "<group>"; };
		F0162FAC261F3677000BC29D /* Info.plist */ = {isa = PBXFileReference; lastKnownFileType = text.plist.xml; path = Info.plist; sourceTree = "<group>"; };
		F0162FC3261F40F6000BC29D /* AppDelegate.h */ = {isa = PBXFileReference; fileEncoding = 4; lastKnownFileType = sourcecode.c.h; path = AppDelegate.h; sourceTree = "<group>"; };
		F0162FC4261F40F6000BC29D /* main.m */ = {isa = PBXFileReference; fileEncoding = 4; lastKnownFileType = sourcecode.c.objc; path = main.m; sourceTree = "<group>"; };
		F0162FC5261F40F6000BC29D /* AppDelegate.m */ = {isa = PBXFileReference; fileEncoding = 4; lastKnownFileType = sourcecode.c.objc; path = AppDelegate.m; sourceTree = "<group>"; };
		F0162FD5261F438C000BC29D /* DSYEssenceViewController.h */ = {isa = PBXFileReference; lastKnownFileType = sourcecode.c.h; path = DSYEssenceViewController.h; sourceTree = "<group>"; };
		F0162FD6261F438C000BC29D /* DSYEssenceViewController.m */ = {isa = PBXFileReference; lastKnownFileType = sourcecode.c.objc; path = DSYEssenceViewController.m; sourceTree = "<group>"; };
		F0162FDE261F43A2000BC29D /* DSYPublishViewController.h */ = {isa = PBXFileReference; lastKnownFileType = sourcecode.c.h; path = DSYPublishViewController.h; sourceTree = "<group>"; };
		F0162FDF261F43A2000BC29D /* DSYPublishViewController.m */ = {isa = PBXFileReference; lastKnownFileType = sourcecode.c.objc; path = DSYPublishViewController.m; sourceTree = "<group>"; };
		F0162FE2261F43B0000BC29D /* DSYFriendShipViewController.h */ = {isa = PBXFileReference; lastKnownFileType = sourcecode.c.h; path = DSYFriendShipViewController.h; sourceTree = "<group>"; };
		F0162FE3261F43B0000BC29D /* DSYFriendShipViewController.m */ = {isa = PBXFileReference; lastKnownFileType = sourcecode.c.objc; path = DSYFriendShipViewController.m; sourceTree = "<group>"; };
		F0162FE6261F43C2000BC29D /* DSYMeViewController.h */ = {isa = PBXFileReference; lastKnownFileType = sourcecode.c.h; path = DSYMeViewController.h; sourceTree = "<group>"; };
		F0162FE7261F43C2000BC29D /* DSYMeViewController.m */ = {isa = PBXFileReference; lastKnownFileType = sourcecode.c.objc; path = DSYMeViewController.m; sourceTree = "<group>"; };
		F0163006261F4F53000BC29D /* DSYTabBarController.h */ = {isa = PBXFileReference; lastKnownFileType = sourcecode.c.h; path = DSYTabBarController.h; sourceTree = "<group>"; };
		F0163007261F4F53000BC29D /* DSYTabBarController.m */ = {isa = PBXFileReference; lastKnownFileType = sourcecode.c.objc; path = DSYTabBarController.m; sourceTree = "<group>"; };
		F016300C261F547A000BC29D /* UIImage+image.h */ = {isa = PBXFileReference; lastKnownFileType = sourcecode.c.h; path = "UIImage+image.h"; sourceTree = "<group>"; };
		F016300D261F547A000BC29D /* UIImage+image.m */ = {isa = PBXFileReference; lastKnownFileType = sourcecode.c.objc; path = "UIImage+image.m"; sourceTree = "<group>"; };
		F030BC282628D61C00253E07 /* DSYFastLoginView.h */ = {isa = PBXFileReference; lastKnownFileType = sourcecode.c.h; path = DSYFastLoginView.h; sourceTree = "<group>"; };
		F030BC292628D61C00253E07 /* DSYFastLoginView.m */ = {isa = PBXFileReference; lastKnownFileType = sourcecode.c.objc; path = DSYFastLoginView.m; sourceTree = "<group>"; };
		F030BC2C2628D62E00253E07 /* DSYFastLoginView.xib */ = {isa = PBXFileReference; lastKnownFileType = file.xib; path = DSYFastLoginView.xib; sourceTree = "<group>"; };
		F030BC2F2628E28300253E07 /* DSYFastButton.h */ = {isa = PBXFileReference; lastKnownFileType = sourcecode.c.h; path = DSYFastButton.h; sourceTree = "<group>"; };
		F030BC302628E28300253E07 /* DSYFastButton.m */ = {isa = PBXFileReference; lastKnownFileType = sourcecode.c.objc; path = DSYFastButton.m; sourceTree = "<group>"; };
		F030BC3326295F6000253E07 /* DSYLoginField.h */ = {isa = PBXFileReference; lastKnownFileType = sourcecode.c.h; path = DSYLoginField.h; sourceTree = "<group>"; };
		F030BC3426295F6000253E07 /* DSYLoginField.m */ = {isa = PBXFileReference; lastKnownFileType = sourcecode.c.objc; path = DSYLoginField.m; sourceTree = "<group>"; };
		F030BC3D262A036700253E07 /* UITextField+Placeholder.h */ = {isa = PBXFileReference; lastKnownFileType = sourcecode.c.h; path = "UITextField+Placeholder.h"; sourceTree = "<group>"; };
		F030BC3E262A036700253E07 /* UITextField+Placeholder.m */ = {isa = PBXFileReference; lastKnownFileType = sourcecode.c.objc; path = "UITextField+Placeholder.m"; sourceTree = "<group>"; };
		F030BC41262A0EE400253E07 /* DSYMeViewController.storyboard */ = {isa = PBXFileReference; lastKnownFileType = file.storyboard; path = DSYMeViewController.storyboard; sourceTree = "<group>"; };
		F06C2EA026257525003F79E9 /* UIView+Frame.h */ = {isa = PBXFileReference; lastKnownFileType = sourcecode.c.h; path = "UIView+Frame.h"; sourceTree = "<group>"; };
		F06C2EA126257525003F79E9 /* UIView+Frame.m */ = {isa = PBXFileReference; lastKnownFileType = sourcecode.c.objc; path = "UIView+Frame.m"; sourceTree = "<group>"; };
		F06C2EA42625787B003F79E9 /* Budejie.pch */ = {isa = PBXFileReference; lastKnownFileType = sourcecode.c.h; path = Budejie.pch; sourceTree = "<group>"; };
		F06C2EAC26258465003F79E9 /* DSYNewViewController.h */ = {isa = PBXFileReference; lastKnownFileType = sourcecode.c.h; path = DSYNewViewController.h; sourceTree = "<group>"; };
		F06C2EAD26258465003F79E9 /* DSYNewViewController.m */ = {isa = PBXFileReference; lastKnownFileType = sourcecode.c.objc; path = DSYNewViewController.m; sourceTree = "<group>"; };
		F06C2EB026258EFA003F79E9 /* UIBarButtonItem+item.h */ = {isa = PBXFileReference; lastKnownFileType = sourcecode.c.h; path = "UIBarButtonItem+item.h"; sourceTree = "<group>"; };
		F06C2EB126258EFA003F79E9 /* UIBarButtonItem+item.m */ = {isa = PBXFileReference; lastKnownFileType = sourcecode.c.objc; path = "UIBarButtonItem+item.m"; sourceTree = "<group>"; };
		F06C2EB42625B7D0003F79E9 /* DSYNavigationViewController.h */ = {isa = PBXFileReference; lastKnownFileType = sourcecode.c.h; path = DSYNavigationViewController.h; sourceTree = "<group>"; };
		F06C2EB52625B7D0003F79E9 /* DSYNavigationViewController.m */ = {isa = PBXFileReference; lastKnownFileType = sourcecode.c.objc; path = DSYNavigationViewController.m; sourceTree = "<group>"; };
		F06C2EC12625C4F8003F79E9 /* DSYSettingViewController.h */ = {isa = PBXFileReference; lastKnownFileType = sourcecode.c.h; path = DSYSettingViewController.h; sourceTree = "<group>"; };
		F06C2EC22625C4F8003F79E9 /* DSYSettingViewController.m */ = {isa = PBXFileReference; lastKnownFileType = sourcecode.c.objc; path = DSYSettingViewController.m; sourceTree = "<group>"; };
		F06C2ECB26260281003F79E9 /* DSYAdViewController.h */ = {isa = PBXFileReference; lastKnownFileType = sourcecode.c.h; path = DSYAdViewController.h; sourceTree = "<group>"; };
		F06C2ECC26260281003F79E9 /* DSYAdViewController.m */ = {isa = PBXFileReference; lastKnownFileType = sourcecode.c.objc; path = DSYAdViewController.m; sourceTree = "<group>"; };
		F06C2ED026260877003F79E9 /* DSYAdViewController.xib */ = {isa = PBXFileReference; lastKnownFileType = file.xib; path = DSYAdViewController.xib; sourceTree = "<group>"; };
		F06C2ED526260DC9003F79E9 /* LaunchImage@2x.png */ = {isa = PBXFileReference; lastKnownFileType = image.png; path = "LaunchImage@2x.png"; sourceTree = "<group>"; };
		F06C2ED626260DC9003F79E9 /* LaunchImage-568h@2x.png */ = {isa = PBXFileReference; lastKnownFileType = image.png; path = "LaunchImage-568h@2x.png"; sourceTree = "<group>"; };
		F06C2ED726260DC9003F79E9 /* LaunchImage-800-667h@2x.png */ = {isa = PBXFileReference; lastKnownFileType = image.png; path = "LaunchImage-800-667h@2x.png"; sourceTree = "<group>"; };
		F06C2ED826260DC9003F79E9 /* LaunchImage-800-Portrait-736h@3x.png */ = {isa = PBXFileReference; lastKnownFileType = image.png; path = "LaunchImage-800-Portrait-736h@3x.png"; sourceTree = "<group>"; };
		F06C2ED926260DC9003F79E9 /* LaunchImage-700@2x.png */ = {isa = PBXFileReference; lastKnownFileType = image.png; path = "LaunchImage-700@2x.png"; sourceTree = "<group>"; };
		F06C2EDA26260DC9003F79E9 /* LaunchImage-700-568h@2x.png */ = {isa = PBXFileReference; lastKnownFileType = image.png; path = "LaunchImage-700-568h@2x.png"; sourceTree = "<group>"; };
		F06C2EDB26260DC9003F79E9 /* LaunchImage.png */ = {isa = PBXFileReference; lastKnownFileType = image.png; path = LaunchImage.png; sourceTree = "<group>"; };
		F06C2EF72626BAFD003F79E9 /* AppDelegate+RootWindow.h */ = {isa = PBXFileReference; lastKnownFileType = sourcecode.c.h; path = "AppDelegate+RootWindow.h"; sourceTree = "<group>"; };
		F06C2EF82626BAFD003F79E9 /* AppDelegate+RootWindow.m */ = {isa = PBXFileReference; lastKnownFileType = sourcecode.c.objc; path = "AppDelegate+RootWindow.m"; sourceTree = "<group>"; };
		F06C2EFB2626BB20003F79E9 /* AppDelegate+SDK.h */ = {isa = PBXFileReference; lastKnownFileType = sourcecode.c.h; path = "AppDelegate+SDK.h"; sourceTree = "<group>"; };
		F06C2EFC2626BB20003F79E9 /* AppDelegate+SDK.m */ = {isa = PBXFileReference; lastKnownFileType = sourcecode.c.objc; path = "AppDelegate+SDK.m"; sourceTree = "<group>"; };
		F06C2EFF2626D030003F79E9 /* DSYAdItem.h */ = {isa = PBXFileReference; lastKnownFileType = sourcecode.c.h; path = DSYAdItem.h; sourceTree = "<group>"; };
		F06C2F002626D030003F79E9 /* DSYAdItem.m */ = {isa = PBXFileReference; lastKnownFileType = sourcecode.c.objc; path = DSYAdItem.m; sourceTree = "<group>"; };
		F06C2F032626E2E6003F79E9 /* DSYSubTagViewController.h */ = {isa = PBXFileReference; lastKnownFileType = sourcecode.c.h; path = DSYSubTagViewController.h; sourceTree = "<group>"; };
		F06C2F042626E2E6003F79E9 /* DSYSubTagViewController.m */ = {isa = PBXFileReference; lastKnownFileType = sourcecode.c.objc; path = DSYSubTagViewController.m; sourceTree = "<group>"; };
		F06C2F072626E9C4003F79E9 /* DSYSubTagItem.h */ = {isa = PBXFileReference; lastKnownFileType = sourcecode.c.h; path = DSYSubTagItem.h; sourceTree = "<group>"; };
		F06C2F082626E9C4003F79E9 /* DSYSubTagItem.m */ = {isa = PBXFileReference; lastKnownFileType = sourcecode.c.objc; path = DSYSubTagItem.m; sourceTree = "<group>"; };
		F06C2F0B26282BEC003F79E9 /* DSYSubTagCell.h */ = {isa = PBXFileReference; lastKnownFileType = sourcecode.c.h; path = DSYSubTagCell.h; sourceTree = "<group>"; };
		F06C2F0C26282BEC003F79E9 /* DSYSubTagCell.m */ = {isa = PBXFileReference; lastKnownFileType = sourcecode.c.objc; path = DSYSubTagCell.m; sourceTree = "<group>"; };
		F06C2F0D26282BEC003F79E9 /* DSYSubTagCell.xib */ = {isa = PBXFileReference; lastKnownFileType = file.xib; path = DSYSubTagCell.xib; sourceTree = "<group>"; };
		F06C2F12262854CF003F79E9 /* UIImage+CircleImage.h */ = {isa = PBXFileReference; lastKnownFileType = sourcecode.c.h; path = "UIImage+CircleImage.h"; sourceTree = "<group>"; };
		F06C2F13262854CF003F79E9 /* UIImage+CircleImage.m */ = {isa = PBXFileReference; lastKnownFileType = sourcecode.c.objc; path = "UIImage+CircleImage.m"; sourceTree = "<group>"; };
		F06C2F1D262882B8003F79E9 /* DSYFriendShipViewController.xib */ = {isa = PBXFileReference; lastKnownFileType = file.xib; path = DSYFriendShipViewController.xib; sourceTree = "<group>"; };
		F06C2F25262888BE003F79E9 /* DSYLoginRegisterViewController.h */ = {isa = PBXFileReference; lastKnownFileType = sourcecode.c.h; path = DSYLoginRegisterViewController.h; sourceTree = "<group>"; };
		F06C2F26262888BE003F79E9 /* DSYLoginRegisterViewController.m */ = {isa = PBXFileReference; lastKnownFileType = sourcecode.c.objc; path = DSYLoginRegisterViewController.m; sourceTree = "<group>"; };
		F06C2F27262888BE003F79E9 /* DSYLoginRegisterViewController.xib */ = {isa = PBXFileReference; lastKnownFileType = file.xib; path = DSYLoginRegisterViewController.xib; sourceTree = "<group>"; };
		F06C2F2B26289C37003F79E9 /* DSYLoginRegisterView.h */ = {isa = PBXFileReference; lastKnownFileType = sourcecode.c.h; path = DSYLoginRegisterView.h; sourceTree = "<group>"; };
		F06C2F2C26289C37003F79E9 /* DSYLoginRegisterView.m */ = {isa = PBXFileReference; lastKnownFileType = sourcecode.c.objc; path = DSYLoginRegisterView.m; sourceTree = "<group>"; };
		F06C2F2F26289C42003F79E9 /* DSYLoginRegisterView.xib */ = {isa = PBXFileReference; lastKnownFileType = file.xib; path = DSYLoginRegisterView.xib; sourceTree = "<group>"; };
		F06CB725262215CB00749A13 /* DSYTabBar.h */ = {isa = PBXFileReference; lastKnownFileType = sourcecode.c.h; path = DSYTabBar.h; sourceTree = "<group>"; };
		F06CB726262215CB00749A13 /* DSYTabBar.m */ = {isa = PBXFileReference; lastKnownFileType = sourcecode.c.objc; path = DSYTabBar.m; sourceTree = "<group>"; };
		F07977B1608AAD07B56FAA23 /* Pods-Budejie.debug.xcconfig */ = {isa = PBXFileReference; includeInIndex = 1; lastKnownFileType = text.xcconfig; name = "Pods-Budejie.debug.xcconfig"; path = "Target Support Files/Pods-Budejie/Pods-Budejie.debug.xcconfig"; sourceTree = "<group>"; };
/* End PBXFileReference section */

/* Begin PBXFrameworksBuildPhase section */
		F0162F95261F3676000BC29D /* Frameworks */ = {
			isa = PBXFrameworksBuildPhase;
			buildActionMask = 2147483647;
			files = (
				09F0BB6F3D7D92CED9F88A30 /* Pods_Budejie.framework in Frameworks */,
			);
			runOnlyForDeploymentPostprocessing = 0;
		};
/* End PBXFrameworksBuildPhase section */

/* Begin PBXGroup section */
		596893F6FE86D29F5350F814 /* Frameworks */ = {
			isa = PBXGroup;
			children = (
				6ACDC61ACDB1FC68B16562A5 /* Pods_Budejie.framework */,
			);
			name = Frameworks;
			sourceTree = "<group>";
		};
		EFFC310C0C7E59E43B138044 /* Pods */ = {
			isa = PBXGroup;
			children = (
				F07977B1608AAD07B56FAA23 /* Pods-Budejie.debug.xcconfig */,
				1ED7FF59B4F075A289E66B1F /* Pods-Budejie.release.xcconfig */,
			);
			path = Pods;
			sourceTree = "<group>";
		};
		F0162F8F261F3676000BC29D = {
			isa = PBXGroup;
			children = (
				F0162F9A261F3676000BC29D /* Budejie */,
				F0162F99261F3676000BC29D /* Products */,
				EFFC310C0C7E59E43B138044 /* Pods */,
				596893F6FE86D29F5350F814 /* Frameworks */,
			);
			sourceTree = "<group>";
		};
		F0162F99261F3676000BC29D /* Products */ = {
			isa = PBXGroup;
			children = (
				F0162F98261F3676000BC29D /* Budejie.app */,
			);
			name = Products;
			sourceTree = "<group>";
		};
		F0162F9A261F3676000BC29D /* Budejie */ = {
			isa = PBXGroup;
			children = (
				F0162FB9261F40F6000BC29D /* classes */,
				F0162FA4261F3676000BC29D /* Main.storyboard */,
				F06C2ED426260DC9003F79E9 /* AdImage */,
				F0162FA7261F3677000BC29D /* Assets.xcassets */,
				F0162FA9261F3677000BC29D /* LaunchScreen.storyboard */,
				F0162FAC261F3677000BC29D /* Info.plist */,
			);
			path = Budejie;
			sourceTree = "<group>";
		};
		F0162FB9261F40F6000BC29D /* classes */ = {
			isa = PBXGroup;
			children = (
				F0162FFD261F4ED8000BC29D /* Main(主要) */,
				F0162FBE261F40F6000BC29D /* Essence(精华) */,
				F0162FC6261F40F6000BC29D /* New(新帖) */,
				F0162FCE261F40F6000BC29D /* Publish(发布) */,
				F0162FCA261F40F6000BC29D /* Fiendship(关注) */,
				F0162FBA261F40F6000BC29D /* Me(我的) */,
				F0162FC2261F40F6000BC29D /* other */,
			);
			path = classes;
			sourceTree = "<group>";
		};
		F0162FBA261F40F6000BC29D /* Me(我的) */ = {
			isa = PBXGroup;
			children = (
				F06C2EBC2625C4E5003F79E9 /* Classes */,
				F0162FBB261F40F6000BC29D /* Controller */,
				F0162FBC261F40F6000BC29D /* Model */,
				F0162FBD261F40F6000BC29D /* View */,
			);
			path = "Me(我的)";
			sourceTree = "<group>";
		};
		F0162FBB261F40F6000BC29D /* Controller */ = {
			isa = PBXGroup;
			children = (
				F0162FE6261F43C2000BC29D /* DSYMeViewController.h */,
				F0162FE7261F43C2000BC29D /* DSYMeViewController.m */,
				F030BC41262A0EE400253E07 /* DSYMeViewController.storyboard */,
			);
			path = Controller;
			sourceTree = "<group>";
		};
		F0162FBC261F40F6000BC29D /* Model */ = {
			isa = PBXGroup;
			children = (
			);
			path = Model;
			sourceTree = "<group>";
		};
		F0162FBD261F40F6000BC29D /* View */ = {
			isa = PBXGroup;
			children = (
			);
			path = View;
			sourceTree = "<group>";
		};
		F0162FBE261F40F6000BC29D /* Essence(精华) */ = {
			isa = PBXGroup;
			children = (
				F0162FBF261F40F6000BC29D /* Controller */,
				F0162FC0261F40F6000BC29D /* Model */,
				F0162FC1261F40F6000BC29D /* View */,
			);
			path = "Essence(精华)";
			sourceTree = "<group>";
		};
		F0162FBF261F40F6000BC29D /* Controller */ = {
			isa = PBXGroup;
			children = (
				F0162FD5261F438C000BC29D /* DSYEssenceViewController.h */,
				F0162FD6261F438C000BC29D /* DSYEssenceViewController.m */,
			);
			path = Controller;
			sourceTree = "<group>";
		};
		F0162FC0261F40F6000BC29D /* Model */ = {
			isa = PBXGroup;
			children = (
			);
			path = Model;
			sourceTree = "<group>";
		};
		F0162FC1261F40F6000BC29D /* View */ = {
			isa = PBXGroup;
			children = (
			);
			path = View;
			sourceTree = "<group>";
		};
		F0162FC2261F40F6000BC29D /* other */ = {
			isa = PBXGroup;
			children = (
				F016300B261F5462000BC29D /* Category */,
				F0162FC3261F40F6000BC29D /* AppDelegate.h */,
				F0162FC5261F40F6000BC29D /* AppDelegate.m */,
				F0162FC4261F40F6000BC29D /* main.m */,
				F06C2EA42625787B003F79E9 /* Budejie.pch */,
			);
			path = other;
			sourceTree = "<group>";
		};
		F0162FC6261F40F6000BC29D /* New(新帖) */ = {
			isa = PBXGroup;
			children = (
				F0162FC7261F40F6000BC29D /* Controller */,
				F0162FC8261F40F6000BC29D /* Model */,
				F0162FC9261F40F6000BC29D /* View */,
			);
			path = "New(新帖)";
			sourceTree = "<group>";
		};
		F0162FC7261F40F6000BC29D /* Controller */ = {
			isa = PBXGroup;
			children = (
				F06C2EAC26258465003F79E9 /* DSYNewViewController.h */,
				F06C2EAD26258465003F79E9 /* DSYNewViewController.m */,
				F06C2F032626E2E6003F79E9 /* DSYSubTagViewController.h */,
				F06C2F042626E2E6003F79E9 /* DSYSubTagViewController.m */,
			);
			path = Controller;
			sourceTree = "<group>";
		};
		F0162FC8261F40F6000BC29D /* Model */ = {
			isa = PBXGroup;
			children = (
				F06C2F072626E9C4003F79E9 /* DSYSubTagItem.h */,
				F06C2F082626E9C4003F79E9 /* DSYSubTagItem.m */,
			);
			path = Model;
			sourceTree = "<group>";
		};
		F0162FC9261F40F6000BC29D /* View */ = {
			isa = PBXGroup;
			children = (
				F06C2F0B26282BEC003F79E9 /* DSYSubTagCell.h */,
				F06C2F0C26282BEC003F79E9 /* DSYSubTagCell.m */,
				F06C2F0D26282BEC003F79E9 /* DSYSubTagCell.xib */,
			);
			path = View;
			sourceTree = "<group>";
		};
		F0162FCA261F40F6000BC29D /* Fiendship(关注) */ = {
			isa = PBXGroup;
			children = (
				F0162FCB261F40F6000BC29D /* Controller */,
				F0162FCC261F40F6000BC29D /* Model */,
				F0162FCD261F40F6000BC29D /* View */,
			);
			path = "Fiendship(关注)";
			sourceTree = "<group>";
		};
		F0162FCB261F40F6000BC29D /* Controller */ = {
			isa = PBXGroup;
			children = (
				F0162FE2261F43B0000BC29D /* DSYFriendShipViewController.h */,
				F0162FE3261F43B0000BC29D /* DSYFriendShipViewController.m */,
				F06C2F1D262882B8003F79E9 /* DSYFriendShipViewController.xib */,
				F06C2F25262888BE003F79E9 /* DSYLoginRegisterViewController.h */,
				F06C2F26262888BE003F79E9 /* DSYLoginRegisterViewController.m */,
				F06C2F27262888BE003F79E9 /* DSYLoginRegisterViewController.xib */,
			);
			path = Controller;
			sourceTree = "<group>";
		};
		F0162FCC261F40F6000BC29D /* Model */ = {
			isa = PBXGroup;
			children = (
			);
			path = Model;
			sourceTree = "<group>";
		};
		F0162FCD261F40F6000BC29D /* View */ = {
			isa = PBXGroup;
			children = (
				F06C2F2B26289C37003F79E9 /* DSYLoginRegisterView.h */,
				F06C2F2C26289C37003F79E9 /* DSYLoginRegisterView.m */,
				F06C2F2F26289C42003F79E9 /* DSYLoginRegisterView.xib */,
				F030BC282628D61C00253E07 /* DSYFastLoginView.h */,
				F030BC292628D61C00253E07 /* DSYFastLoginView.m */,
				F030BC2C2628D62E00253E07 /* DSYFastLoginView.xib */,
				F030BC2F2628E28300253E07 /* DSYFastButton.h */,
				F030BC302628E28300253E07 /* DSYFastButton.m */,
				F030BC3326295F6000253E07 /* DSYLoginField.h */,
				F030BC3426295F6000253E07 /* DSYLoginField.m */,
			);
			path = View;
			sourceTree = "<group>";
		};
		F0162FCE261F40F6000BC29D /* Publish(发布) */ = {
			isa = PBXGroup;
			children = (
				F0162FCF261F40F6000BC29D /* Controller */,
				F0162FD0261F40F6000BC29D /* Model */,
				F0162FD1261F40F6000BC29D /* View */,
			);
			path = "Publish(发布)";
			sourceTree = "<group>";
		};
		F0162FCF261F40F6000BC29D /* Controller */ = {
			isa = PBXGroup;
			children = (
				F0162FDE261F43A2000BC29D /* DSYPublishViewController.h */,
				F0162FDF261F43A2000BC29D /* DSYPublishViewController.m */,
			);
			path = Controller;
			sourceTree = "<group>";
		};
		F0162FD0261F40F6000BC29D /* Model */ = {
			isa = PBXGroup;
			children = (
			);
			path = Model;
			sourceTree = "<group>";
		};
		F0162FD1261F40F6000BC29D /* View */ = {
			isa = PBXGroup;
			children = (
			);
			path = View;
			sourceTree = "<group>";
		};
		F0162FFD261F4ED8000BC29D /* Main(主要) */ = {
			isa = PBXGroup;
			children = (
				F06C2EC626260264003F79E9 /* Classes */,
				F0162FFE261F4ED8000BC29D /* Controller */,
				F0163001261F4ED8000BC29D /* Model */,
				F0163002261F4ED8000BC29D /* View */,
			);
			path = "Main(主要)";
			sourceTree = "<group>";
		};
		F0162FFE261F4ED8000BC29D /* Controller */ = {
			isa = PBXGroup;
			children = (
				F0163006261F4F53000BC29D /* DSYTabBarController.h */,
				F0163007261F4F53000BC29D /* DSYTabBarController.m */,
				F06C2EB42625B7D0003F79E9 /* DSYNavigationViewController.h */,
				F06C2EB52625B7D0003F79E9 /* DSYNavigationViewController.m */,
			);
			path = Controller;
			sourceTree = "<group>";
		};
		F0163001261F4ED8000BC29D /* Model */ = {
			isa = PBXGroup;
			children = (
			);
			path = Model;
			sourceTree = "<group>";
		};
		F0163002261F4ED8000BC29D /* View */ = {
			isa = PBXGroup;
			children = (
				F06CB725262215CB00749A13 /* DSYTabBar.h */,
				F06CB726262215CB00749A13 /* DSYTabBar.m */,
			);
			path = View;
			sourceTree = "<group>";
		};
		F016300B261F5462000BC29D /* Category */ = {
			isa = PBXGroup;
			children = (
				F016300C261F547A000BC29D /* UIImage+image.h */,
				F016300D261F547A000BC29D /* UIImage+image.m */,
				F06C2EA026257525003F79E9 /* UIView+Frame.h */,
				F06C2EA126257525003F79E9 /* UIView+Frame.m */,
				F06C2EB026258EFA003F79E9 /* UIBarButtonItem+item.h */,
				F06C2EB126258EFA003F79E9 /* UIBarButtonItem+item.m */,
				F06C2EF72626BAFD003F79E9 /* AppDelegate+RootWindow.h */,
				F06C2EF82626BAFD003F79E9 /* AppDelegate+RootWindow.m */,
				F06C2EFB2626BB20003F79E9 /* AppDelegate+SDK.h */,
				F06C2EFC2626BB20003F79E9 /* AppDelegate+SDK.m */,
				F06C2F12262854CF003F79E9 /* UIImage+CircleImage.h */,
				F06C2F13262854CF003F79E9 /* UIImage+CircleImage.m */,
				F030BC3D262A036700253E07 /* UITextField+Placeholder.h */,
				F030BC3E262A036700253E07 /* UITextField+Placeholder.m */,
			);
			path = Category;
			sourceTree = "<group>";
		};
		F06C2EBC2625C4E5003F79E9 /* Classes */ = {
			isa = PBXGroup;
			children = (
				F06C2EBD2625C4E5003F79E9 /* Setting(设置) */,
			);
			path = Classes;
			sourceTree = "<group>";
		};
		F06C2EBD2625C4E5003F79E9 /* Setting(设置) */ = {
			isa = PBXGroup;
			children = (
				F06C2EBE2625C4E5003F79E9 /* Controller */,
				F06C2EBF2625C4E5003F79E9 /* Model */,
				F06C2EC02625C4E5003F79E9 /* View */,
			);
			path = "Setting(设置)";
			sourceTree = "<group>";
		};
		F06C2EBE2625C4E5003F79E9 /* Controller */ = {
			isa = PBXGroup;
			children = (
				F06C2EC12625C4F8003F79E9 /* DSYSettingViewController.h */,
				F06C2EC22625C4F8003F79E9 /* DSYSettingViewController.m */,
			);
			path = Controller;
			sourceTree = "<group>";
		};
		F06C2EBF2625C4E5003F79E9 /* Model */ = {
			isa = PBXGroup;
			children = (
			);
			path = Model;
			sourceTree = "<group>";
		};
		F06C2EC02625C4E5003F79E9 /* View */ = {
			isa = PBXGroup;
			children = (
			);
			path = View;
			sourceTree = "<group>";
		};
		F06C2EC626260264003F79E9 /* Classes */ = {
			isa = PBXGroup;
			children = (
				F06C2EC726260264003F79E9 /* AD(广告) */,
			);
			path = Classes;
			sourceTree = "<group>";
		};
		F06C2EC726260264003F79E9 /* AD(广告) */ = {
			isa = PBXGroup;
			children = (
				F06C2EC826260264003F79E9 /* Controller */,
				F06C2EC926260264003F79E9 /* Model */,
				F06C2ECA26260264003F79E9 /* View */,
			);
			path = "AD(广告)";
			sourceTree = "<group>";
		};
		F06C2EC826260264003F79E9 /* Controller */ = {
			isa = PBXGroup;
			children = (
				F06C2ECB26260281003F79E9 /* DSYAdViewController.h */,
				F06C2ECC26260281003F79E9 /* DSYAdViewController.m */,
				F06C2ED026260877003F79E9 /* DSYAdViewController.xib */,
			);
			path = Controller;
			sourceTree = "<group>";
		};
		F06C2EC926260264003F79E9 /* Model */ = {
			isa = PBXGroup;
			children = (
				F06C2EFF2626D030003F79E9 /* DSYAdItem.h */,
				F06C2F002626D030003F79E9 /* DSYAdItem.m */,
			);
			path = Model;
			sourceTree = "<group>";
		};
		F06C2ECA26260264003F79E9 /* View */ = {
			isa = PBXGroup;
			children = (
			);
			path = View;
			sourceTree = "<group>";
		};
		F06C2ED426260DC9003F79E9 /* AdImage */ = {
			isa = PBXGroup;
			children = (
				F06C2ED526260DC9003F79E9 /* LaunchImage@2x.png */,
				F06C2ED626260DC9003F79E9 /* LaunchImage-568h@2x.png */,
				F06C2ED726260DC9003F79E9 /* LaunchImage-800-667h@2x.png */,
				F06C2ED826260DC9003F79E9 /* LaunchImage-800-Portrait-736h@3x.png */,
				F06C2ED926260DC9003F79E9 /* LaunchImage-700@2x.png */,
				F06C2EDA26260DC9003F79E9 /* LaunchImage-700-568h@2x.png */,
				F06C2EDB26260DC9003F79E9 /* LaunchImage.png */,
			);
			path = AdImage;
			sourceTree = "<group>";
		};
/* End PBXGroup section */

/* Begin PBXNativeTarget section */
		F0162F97261F3676000BC29D /* Budejie */ = {
			isa = PBXNativeTarget;
			buildConfigurationList = F0162FB1261F3677000BC29D /* Build configuration list for PBXNativeTarget "Budejie" */;
			buildPhases = (
				489675438FAC9208BAC8C00C /* [CP] Check Pods Manifest.lock */,
				F0162F94261F3676000BC29D /* Sources */,
				F0162F95261F3676000BC29D /* Frameworks */,
				F0162F96261F3676000BC29D /* Resources */,
				C581DC2BAD3267D25269D3C1 /* [CP] Embed Pods Frameworks */,
			);
			buildRules = (
			);
			dependencies = (
			);
			name = Budejie;
			productName = Budejie;
			productReference = F0162F98261F3676000BC29D /* Budejie.app */;
			productType = "com.apple.product-type.application";
		};
/* End PBXNativeTarget section */

/* Begin PBXProject section */
		F0162F90261F3676000BC29D /* Project object */ = {
			isa = PBXProject;
			attributes = {
				CLASSPREFIX = DSY;
				LastUpgradeCheck = 1230;
				ORGANIZATIONNAME = "";
				TargetAttributes = {
					F0162F97261F3676000BC29D = {
						CreatedOnToolsVersion = 12.3;
					};
				};
			};
			buildConfigurationList = F0162F93261F3676000BC29D /* Build configuration list for PBXProject "Budejie" */;
			compatibilityVersion = "Xcode 9.3";
			developmentRegion = en;
			hasScannedForEncodings = 0;
			knownRegions = (
				en,
				Base,
			);
			mainGroup = F0162F8F261F3676000BC29D;
			productRefGroup = F0162F99261F3676000BC29D /* Products */;
			projectDirPath = "";
			projectRoot = "";
			targets = (
				F0162F97261F3676000BC29D /* Budejie */,
			);
		};
/* End PBXProject section */

/* Begin PBXResourcesBuildPhase section */
		F0162F96261F3676000BC29D /* Resources */ = {
			isa = PBXResourcesBuildPhase;
			buildActionMask = 2147483647;
			files = (
				F06C2F29262888BE003F79E9 /* DSYLoginRegisterViewController.xib in Resources */,
				F06C2F3026289C42003F79E9 /* DSYLoginRegisterView.xib in Resources */,
				F06C2ED126260877003F79E9 /* DSYAdViewController.xib in Resources */,
				F0162FAB261F3677000BC29D /* LaunchScreen.storyboard in Resources */,
				F0162FA8261F3677000BC29D /* Assets.xcassets in Resources */,
				F0162FA6261F3676000BC29D /* Main.storyboard in Resources */,
				F06C2F0F26282BEC003F79E9 /* DSYSubTagCell.xib in Resources */,
				F030BC2D2628D62E00253E07 /* DSYFastLoginView.xib in Resources */,
				F06C2EDF26260DC9003F79E9 /* LaunchImage-800-Portrait-736h@3x.png in Resources */,
				F06C2EDD26260DC9003F79E9 /* LaunchImage-568h@2x.png in Resources */,
				F06C2F1E262882B8003F79E9 /* DSYFriendShipViewController.xib in Resources */,
				F030BC42262A0EE400253E07 /* DSYMeViewController.storyboard in Resources */,
				F06C2EE126260DC9003F79E9 /* LaunchImage-700-568h@2x.png in Resources */,
				F06C2EE026260DC9003F79E9 /* LaunchImage-700@2x.png in Resources */,
				F06C2EDE26260DC9003F79E9 /* LaunchImage-800-667h@2x.png in Resources */,
				F06C2EDC26260DC9003F79E9 /* LaunchImage@2x.png in Resources */,
				F06C2EE226260DC9003F79E9 /* LaunchImage.png in Resources */,
			);
			runOnlyForDeploymentPostprocessing = 0;
		};
/* End PBXResourcesBuildPhase section */

/* Begin PBXShellScriptBuildPhase section */
		489675438FAC9208BAC8C00C /* [CP] Check Pods Manifest.lock */ = {
			isa = PBXShellScriptBuildPhase;
			buildActionMask = 2147483647;
			files = (
			);
			inputFileListPaths = (
			);
			inputPaths = (
				"${PODS_PODFILE_DIR_PATH}/Podfile.lock",
				"${PODS_ROOT}/Manifest.lock",
			);
			name = "[CP] Check Pods Manifest.lock";
			outputFileListPaths = (
			);
			outputPaths = (
				"$(DERIVED_FILE_DIR)/Pods-Budejie-checkManifestLockResult.txt",
			);
			runOnlyForDeploymentPostprocessing = 0;
			shellPath = /bin/sh;
			shellScript = "diff \"${PODS_PODFILE_DIR_PATH}/Podfile.lock\" \"${PODS_ROOT}/Manifest.lock\" > /dev/null\nif [ $? != 0 ] ; then\n    # print error to STDERR\n    echo \"error: The sandbox is not in sync with the Podfile.lock. Run 'pod install' or update your CocoaPods installation.\" >&2\n    exit 1\nfi\n# This output is used by Xcode 'outputs' to avoid re-running this script phase.\necho \"SUCCESS\" > \"${SCRIPT_OUTPUT_FILE_0}\"\n";
			showEnvVarsInLog = 0;
		};
		C581DC2BAD3267D25269D3C1 /* [CP] Embed Pods Frameworks */ = {
			isa = PBXShellScriptBuildPhase;
			buildActionMask = 2147483647;
			files = (
			);
			inputFileListPaths = (
				"${PODS_ROOT}/Target Support Files/Pods-Budejie/Pods-Budejie-frameworks-${CONFIGURATION}-input-files.xcfilelist",
			);
			name = "[CP] Embed Pods Frameworks";
			outputFileListPaths = (
				"${PODS_ROOT}/Target Support Files/Pods-Budejie/Pods-Budejie-frameworks-${CONFIGURATION}-output-files.xcfilelist",
			);
			runOnlyForDeploymentPostprocessing = 0;
			shellPath = /bin/sh;
			shellScript = "\"${PODS_ROOT}/Target Support Files/Pods-Budejie/Pods-Budejie-frameworks.sh\"\n";
			showEnvVarsInLog = 0;
		};
/* End PBXShellScriptBuildPhase section */

/* Begin PBXSourcesBuildPhase section */
		F0162F94261F3676000BC29D /* Sources */ = {
			isa = PBXSourcesBuildPhase;
			buildActionMask = 2147483647;
			files = (
				F06C2EB62625B7D0003F79E9 /* DSYNavigationViewController.m in Sources */,
				F0162FD2261F40F6000BC29D /* main.m in Sources */,
				F06C2F052626E2E6003F79E9 /* DSYSubTagViewController.m in Sources */,
				F06C2F092626E9C4003F79E9 /* DSYSubTagItem.m in Sources */,
				F06C2EB226258EFA003F79E9 /* UIBarButtonItem+item.m in Sources */,
				F030BC3F262A036700253E07 /* UITextField+Placeholder.m in Sources */,
				F030BC2A2628D61C00253E07 /* DSYFastLoginView.m in Sources */,
				F06C2F28262888BE003F79E9 /* DSYLoginRegisterViewController.m in Sources */,
				F0162FE4261F43B0000BC29D /* DSYFriendShipViewController.m in Sources */,
				F030BC3526295F6000253E07 /* DSYLoginField.m in Sources */,
				F06C2ECD26260281003F79E9 /* DSYAdViewController.m in Sources */,
				F0162FE8261F43C2000BC29D /* DSYMeViewController.m in Sources */,
				F06C2EF92626BAFD003F79E9 /* AppDelegate+RootWindow.m in Sources */,
				F0162FD7261F438C000BC29D /* DSYEssenceViewController.m in Sources */,
				F06C2F2D26289C37003F79E9 /* DSYLoginRegisterView.m in Sources */,
				F06C2EFD2626BB20003F79E9 /* AppDelegate+SDK.m in Sources */,
				F06C2EC32625C4F8003F79E9 /* DSYSettingViewController.m in Sources */,
				F0163008261F4F53000BC29D /* DSYTabBarController.m in Sources */,
				F0162FE0261F43A2000BC29D /* DSYPublishViewController.m in Sources */,
				F0162FD3261F40F6000BC29D /* AppDelegate.m in Sources */,
				F06C2F0E26282BEC003F79E9 /* DSYSubTagCell.m in Sources */,
				F06CB727262215CB00749A13 /* DSYTabBar.m in Sources */,
				F016300E261F547A000BC29D /* UIImage+image.m in Sources */,
				F06C2EA226257525003F79E9 /* UIView+Frame.m in Sources */,
				F030BC312628E28300253E07 /* DSYFastButton.m in Sources */,
				F06C2F14262854CF003F79E9 /* UIImage+CircleImage.m in Sources */,
				F06C2F012626D030003F79E9 /* DSYAdItem.m in Sources */,
				F06C2EAE26258465003F79E9 /* DSYNewViewController.m in Sources */,
			);
			runOnlyForDeploymentPostprocessing = 0;
		};
/* End PBXSourcesBuildPhase section */

/* Begin PBXVariantGroup section */
		F0162FA4261F3676000BC29D /* Main.storyboard */ = {
			isa = PBXVariantGroup;
			children = (
				F0162FA5261F3676000BC29D /* Base */,
			);
			name = Main.storyboard;
			sourceTree = "<group>";
		};
		F0162FA9261F3677000BC29D /* LaunchScreen.storyboard */ = {
			isa = PBXVariantGroup;
			children = (
				F0162FAA261F3677000BC29D /* Base */,
			);
			name = LaunchScreen.storyboard;
			sourceTree = "<group>";
		};
/* End PBXVariantGroup section */

/* Begin XCBuildConfiguration section */
		F0162FAF261F3677000BC29D /* Debug */ = {
			isa = XCBuildConfiguration;
			buildSettings = {
				ALWAYS_SEARCH_USER_PATHS = NO;
				CLANG_ANALYZER_NONNULL = YES;
				CLANG_ANALYZER_NUMBER_OBJECT_CONVERSION = YES_AGGRESSIVE;
				CLANG_CXX_LANGUAGE_STANDARD = "gnu++14";
				CLANG_CXX_LIBRARY = "libc++";
				CLANG_ENABLE_MODULES = YES;
				CLANG_ENABLE_OBJC_ARC = YES;
				CLANG_ENABLE_OBJC_WEAK = YES;
				CLANG_WARN_BLOCK_CAPTURE_AUTORELEASING = YES;
				CLANG_WARN_BOOL_CONVERSION = YES;
				CLANG_WARN_COMMA = YES;
				CLANG_WARN_CONSTANT_CONVERSION = YES;
				CLANG_WARN_DEPRECATED_OBJC_IMPLEMENTATIONS = YES;
				CLANG_WARN_DIRECT_OBJC_ISA_USAGE = YES_ERROR;
				CLANG_WARN_DOCUMENTATION_COMMENTS = YES;
				CLANG_WARN_EMPTY_BODY = YES;
				CLANG_WARN_ENUM_CONVERSION = YES;
				CLANG_WARN_INFINITE_RECURSION = YES;
				CLANG_WARN_INT_CONVERSION = YES;
				CLANG_WARN_NON_LITERAL_NULL_CONVERSION = YES;
				CLANG_WARN_OBJC_IMPLICIT_RETAIN_SELF = YES;
				CLANG_WARN_OBJC_LITERAL_CONVERSION = YES;
				CLANG_WARN_OBJC_ROOT_CLASS = YES_ERROR;
				CLANG_WARN_QUOTED_INCLUDE_IN_FRAMEWORK_HEADER = YES;
				CLANG_WARN_RANGE_LOOP_ANALYSIS = YES;
				CLANG_WARN_STRICT_PROTOTYPES = YES;
				CLANG_WARN_SUSPICIOUS_MOVE = YES;
				CLANG_WARN_UNGUARDED_AVAILABILITY = YES_AGGRESSIVE;
				CLANG_WARN_UNREACHABLE_CODE = YES;
				CLANG_WARN__DUPLICATE_METHOD_MATCH = YES;
				COPY_PHASE_STRIP = NO;
				DEBUG_INFORMATION_FORMAT = dwarf;
				ENABLE_STRICT_OBJC_MSGSEND = YES;
				ENABLE_TESTABILITY = YES;
				GCC_C_LANGUAGE_STANDARD = gnu11;
				GCC_DYNAMIC_NO_PIC = NO;
				GCC_NO_COMMON_BLOCKS = YES;
				GCC_OPTIMIZATION_LEVEL = 0;
				GCC_PREPROCESSOR_DEFINITIONS = (
					"DEBUG=1",
					"$(inherited)",
				);
				GCC_WARN_64_TO_32_BIT_CONVERSION = YES;
				GCC_WARN_ABOUT_RETURN_TYPE = YES_ERROR;
				GCC_WARN_UNDECLARED_SELECTOR = YES;
				GCC_WARN_UNINITIALIZED_AUTOS = YES_AGGRESSIVE;
				GCC_WARN_UNUSED_FUNCTION = YES;
				GCC_WARN_UNUSED_VARIABLE = YES;
				IPHONEOS_DEPLOYMENT_TARGET = 9.0;
				MTL_ENABLE_DEBUG_INFO = INCLUDE_SOURCE;
				MTL_FAST_MATH = YES;
				ONLY_ACTIVE_ARCH = YES;
				SDKROOT = iphoneos;
			};
			name = Debug;
		};
		F0162FB0261F3677000BC29D /* Release */ = {
			isa = XCBuildConfiguration;
			buildSettings = {
				ALWAYS_SEARCH_USER_PATHS = NO;
				CLANG_ANALYZER_NONNULL = YES;
				CLANG_ANALYZER_NUMBER_OBJECT_CONVERSION = YES_AGGRESSIVE;
				CLANG_CXX_LANGUAGE_STANDARD = "gnu++14";
				CLANG_CXX_LIBRARY = "libc++";
				CLANG_ENABLE_MODULES = YES;
				CLANG_ENABLE_OBJC_ARC = YES;
				CLANG_ENABLE_OBJC_WEAK = YES;
				CLANG_WARN_BLOCK_CAPTURE_AUTORELEASING = YES;
				CLANG_WARN_BOOL_CONVERSION = YES;
				CLANG_WARN_COMMA = YES;
				CLANG_WARN_CONSTANT_CONVERSION = YES;
				CLANG_WARN_DEPRECATED_OBJC_IMPLEMENTATIONS = YES;
				CLANG_WARN_DIRECT_OBJC_ISA_USAGE = YES_ERROR;
				CLANG_WARN_DOCUMENTATION_COMMENTS = YES;
				CLANG_WARN_EMPTY_BODY = YES;
				CLANG_WARN_ENUM_CONVERSION = YES;
				CLANG_WARN_INFINITE_RECURSION = YES;
				CLANG_WARN_INT_CONVERSION = YES;
				CLANG_WARN_NON_LITERAL_NULL_CONVERSION = YES;
				CLANG_WARN_OBJC_IMPLICIT_RETAIN_SELF = YES;
				CLANG_WARN_OBJC_LITERAL_CONVERSION = YES;
				CLANG_WARN_OBJC_ROOT_CLASS = YES_ERROR;
				CLANG_WARN_QUOTED_INCLUDE_IN_FRAMEWORK_HEADER = YES;
				CLANG_WARN_RANGE_LOOP_ANALYSIS = YES;
				CLANG_WARN_STRICT_PROTOTYPES = YES;
				CLANG_WARN_SUSPICIOUS_MOVE = YES;
				CLANG_WARN_UNGUARDED_AVAILABILITY = YES_AGGRESSIVE;
				CLANG_WARN_UNREACHABLE_CODE = YES;
				CLANG_WARN__DUPLICATE_METHOD_MATCH = YES;
				COPY_PHASE_STRIP = NO;
				DEBUG_INFORMATION_FORMAT = "dwarf-with-dsym";
				ENABLE_NS_ASSERTIONS = NO;
				ENABLE_STRICT_OBJC_MSGSEND = YES;
				GCC_C_LANGUAGE_STANDARD = gnu11;
				GCC_NO_COMMON_BLOCKS = YES;
				GCC_WARN_64_TO_32_BIT_CONVERSION = YES;
				GCC_WARN_ABOUT_RETURN_TYPE = YES_ERROR;
				GCC_WARN_UNDECLARED_SELECTOR = YES;
				GCC_WARN_UNINITIALIZED_AUTOS = YES_AGGRESSIVE;
				GCC_WARN_UNUSED_FUNCTION = YES;
				GCC_WARN_UNUSED_VARIABLE = YES;
				IPHONEOS_DEPLOYMENT_TARGET = 9.0;
				MTL_ENABLE_DEBUG_INFO = NO;
				MTL_FAST_MATH = YES;
				SDKROOT = iphoneos;
				VALIDATE_PRODUCT = YES;
			};
			name = Release;
		};
		F0162FB2261F3677000BC29D /* Debug */ = {
			isa = XCBuildConfiguration;
			baseConfigurationReference = F07977B1608AAD07B56FAA23 /* Pods-Budejie.debug.xcconfig */;
			buildSettings = {
				ASSETCATALOG_COMPILER_APPICON_NAME = AppIcon;
				ASSETCATALOG_COMPILER_GLOBAL_ACCENT_COLOR_NAME = AccentColor;
				CODE_SIGN_STYLE = Automatic;
				DEVELOPMENT_TEAM = 865P5B9Q5K;
				GCC_PREFIX_HEADER = Budejie/classes/other/Budejie.pch;
				INFOPLIST_FILE = Budejie/Info.plist;
				IPHONEOS_DEPLOYMENT_TARGET = 9.0;
				LD_RUNPATH_SEARCH_PATHS = (
					"$(inherited)",
					"@executable_path/Frameworks",
				);
				PRODUCT_BUNDLE_IDENTIFIER = com.opooc.budejie.Budejie;
				PRODUCT_NAME = "$(TARGET_NAME)";
				TARGETED_DEVICE_FAMILY = 1;
			};
			name = Debug;
		};
		F0162FB3261F3677000BC29D /* Release */ = {
			isa = XCBuildConfiguration;
			baseConfigurationReference = 1ED7FF59B4F075A289E66B1F /* Pods-Budejie.release.xcconfig */;
			buildSettings = {
				ASSETCATALOG_COMPILER_APPICON_NAME = AppIcon;
				ASSETCATALOG_COMPILER_GLOBAL_ACCENT_COLOR_NAME = AccentColor;
				CODE_SIGN_STYLE = Automatic;
				DEVELOPMENT_TEAM = 865P5B9Q5K;
				GCC_PREFIX_HEADER = Budejie/classes/other/Budejie.pch;
				INFOPLIST_FILE = Budejie/Info.plist;
				IPHONEOS_DEPLOYMENT_TARGET = 9.0;
				LD_RUNPATH_SEARCH_PATHS = (
					"$(inherited)",
					"@executable_path/Frameworks",
				);
				PRODUCT_BUNDLE_IDENTIFIER = com.opooc.budejie.Budejie;
				PRODUCT_NAME = "$(TARGET_NAME)";
				TARGETED_DEVICE_FAMILY = 1;
			};
			name = Release;
		};
/* End XCBuildConfiguration section */

/* Begin XCConfigurationList section */
		F0162F93261F3676000BC29D /* Build configuration list for PBXProject "Budejie" */ = {
			isa = XCConfigurationList;
			buildConfigurations = (
				F0162FAF261F3677000BC29D /* Debug */,
				F0162FB0261F3677000BC29D /* Release */,
			);
			defaultConfigurationIsVisible = 0;
			defaultConfigurationName = Release;
		};
		F0162FB1261F3677000BC29D /* Build configuration list for PBXNativeTarget "Budejie" */ = {
			isa = XCConfigurationList;
			buildConfigurations = (
				F0162FB2261F3677000BC29D /* Debug */,
				F0162FB3261F3677000BC29D /* Release */,
			);
			defaultConfigurationIsVisible = 0;
			defaultConfigurationName = Release;
		};
/* End XCConfigurationList section */
	};
	rootObject = F0162F90261F3676000BC29D /* Project object */;
}
